
Microsoft Visual Studio Solution File, Format Version 12.00
# Visual Studio 15
VisualStudioVersion = 15.0.27703.2042
MinimumVisualStudioVersion = 10.0.40219.1
Project("{9A19103F-16F7-4668-BE54-9A1E7A4F7556}") = "PGDemo", "PGDemo\PGDemo.csproj", "{68FEF0F1-609D-4309-A2C8-1A1963AFCDB3}"
EndProject
Project("{9A19103F-16F7-4668-BE54-9A1E7A4F7556}") = "PGDemo.ApiCore", "PGDemo.ApiCore\PGDemo.ApiCore.csproj", "{C4C3E528-08B3-4E57-A8FB-4688574A5782}"
EndProject
Project("{9A19103F-16F7-4668-BE54-9A1E7A4F7556}") = "PGDemo.Infrastructure", "PGDemo.Infrastructure\PGDemo.Infrastructure.csproj", "{76FA54AA-3613-4F26-B6DB-97B5463F0D19}"
EndProject
Project("{9A19103F-16F7-4668-BE54-9A1E7A4F7556}") = "PGDemo.DependencyInjection", "PGDemo.DependencyInjection\PGDemo.DependencyInjection.csproj", "{080CC3CF-8D02-41FA-BA2F-611A30913AA8}"
EndProject
Project("{9A19103F-16F7-4668-BE54-9A1E7A4F7556}") = "PGDemo.Repository", "PGDemo.Repository\PGDemo.Repository.csproj", "{629422FA-A7C9-4CB8-A1C0-7884CD9BB416}"
EndProject
Project("{9A19103F-16F7-4668-BE54-9A1E7A4F7556}") = "PGDemo.Service", "PGDemo.Service\PGDemo.Service.csproj", "{8159D126-86C7-47F7-B054-C470C00E2E4A}"
EndProject
Project("{9A19103F-16F7-4668-BE54-9A1E7A4F7556}") = "PGDemo.Common", "PGDemo.Common\PGDemo.Common.csproj", "{3F23571C-E02B-427E-90C8-134EAFA89168}"
EndProject
Project("{2150E333-8FDC-42A3-9474-1A3956D46DE8}") = "1.Presentation", "1.Presentation", "{4CC49B22-98D2-4B50-97BC-3D3A9051ACF9}"
EndProject
Project("{2150E333-8FDC-42A3-9474-1A3956D46DE8}") = "2.Service", "2.Service", "{50DF4092-5B36-47E5-9AD0-2D744472A1D6}"
EndProject
Project("{2150E333-8FDC-42A3-9474-1A3956D46DE8}") = "3.Repository", "3.Repository", "{094276AE-0DAF-4118-B9EB-5CAF80E2A82A}"
EndProject
Project("{2150E333-8FDC-42A3-9474-1A3956D46DE8}") = "4.Model", "4.Model", "{1517C179-74EB-4384-A49B-E6758F84AA9E}"
EndProject
Project("{2150E333-8FDC-42A3-9474-1A3956D46DE8}") = "99.UnitTest", "99.UnitTest", "{B3665479-4BBD-45BC-8E20-B8C59138EC3D}"
EndProject
Project("{2150E333-8FDC-42A3-9474-1A3956D46DE8}") = "5.Common", "5.Common", "{BEEC764B-7C17-4FF5-9BC9-0785C0887810}"
EndProject
Project("{9A19103F-16F7-4668-BE54-9A1E7A4F7556}") = "PGDemo.DBModel", "PGDemo.DBModel\PGDemo.DBModel.csproj", "{99FC02D4-3EBB-423D-ADAB-D46990861257}"
EndProject
Project("{9A19103F-16F7-4668-BE54-9A1E7A4F7556}") = "PGDemo.DTO", "PGDemo.DTO\PGDemo.DTO.csproj", "{B38FFA3E-20CE-473F-BA18-0357AD504298}"
EndProject
Project("{9A19103F-16F7-4668-BE54-9A1E7A4F7556}") = "PGDemo.Model", "PGDemo.Model\PGDemo.Model.csproj", "{C5536545-94BF-416C-B574-AE0F0FA9C232}"
EndProject
Project("{9A19103F-16F7-4668-BE54-9A1E7A4F7556}") = "PGDemo.Log", "PGDemo.Log\PGDemo.Log.csproj", "{28326EF1-6CE4-46C5-A6BD-271FDEF34CAB}"
EndProject
Project("{9A19103F-16F7-4668-BE54-9A1E7A4F7556}") = "PGDemo.Mapper", "PGDemo.Mapper\PGDemo.Mapper.csproj", "{4D388AD2-472B-4A5B-84D4-2D4425FEF37C}"
EndProject
Project("{FAE04EC0-301F-11D3-BF4B-00C04F79EFBC}") = "PGDemo.AOP.AspectCore", "PGDemo.AOP.AspectCore\PGDemo.AOP.AspectCore.csproj", "{1DFAA929-DA10-4703-BA5C-1B22761578DF}"
EndProject
Global
	GlobalSection(SolutionConfigurationPlatforms) = preSolution
		Debug|Any CPU = Debug|Any CPU
		Release|Any CPU = Release|Any CPU
	EndGlobalSection
	GlobalSection(ProjectConfigurationPlatforms) = postSolution
		{68FEF0F1-609D-4309-A2C8-1A1963AFCDB3}.Debug|Any CPU.ActiveCfg = Debug|Any CPU
		{68FEF0F1-609D-4309-A2C8-1A1963AFCDB3}.Debug|Any CPU.Build.0 = Debug|Any CPU
		{68FEF0F1-609D-4309-A2C8-1A1963AFCDB3}.Release|Any CPU.ActiveCfg = Release|Any CPU
		{68FEF0F1-609D-4309-A2C8-1A1963AFCDB3}.Release|Any CPU.Build.0 = Release|Any CPU
		{C4C3E528-08B3-4E57-A8FB-4688574A5782}.Debug|Any CPU.ActiveCfg = Debug|Any CPU
		{C4C3E528-08B3-4E57-A8FB-4688574A5782}.Debug|Any CPU.Build.0 = Debug|Any CPU
		{C4C3E528-08B3-4E57-A8FB-4688574A5782}.Release|Any CPU.ActiveCfg = Release|Any CPU
		{C4C3E528-08B3-4E57-A8FB-4688574A5782}.Release|Any CPU.Build.0 = Release|Any CPU
		{76FA54AA-3613-4F26-B6DB-97B5463F0D19}.Debug|Any CPU.ActiveCfg = Debug|Any CPU
		{76FA54AA-3613-4F26-B6DB-97B5463F0D19}.Debug|Any CPU.Build.0 = Debug|Any CPU
		{76FA54AA-3613-4F26-B6DB-97B5463F0D19}.Release|Any CPU.ActiveCfg = Release|Any CPU
		{76FA54AA-3613-4F26-B6DB-97B5463F0D19}.Release|Any CPU.Build.0 = Release|Any CPU
		{080CC3CF-8D02-41FA-BA2F-611A30913AA8}.Debug|Any CPU.ActiveCfg = Debug|Any CPU
		{080CC3CF-8D02-41FA-BA2F-611A30913AA8}.Debug|Any CPU.Build.0 = Debug|Any CPU
		{080CC3CF-8D02-41FA-BA2F-611A30913AA8}.Release|Any CPU.ActiveCfg = Release|Any CPU
		{080CC3CF-8D02-41FA-BA2F-611A30913AA8}.Release|Any CPU.Build.0 = Release|Any CPU
		{629422FA-A7C9-4CB8-A1C0-7884CD9BB416}.Debug|Any CPU.ActiveCfg = Debug|Any CPU
		{629422FA-A7C9-4CB8-A1C0-7884CD9BB416}.Debug|Any CPU.Build.0 = Debug|Any CPU
		{629422FA-A7C9-4CB8-A1C0-7884CD9BB416}.Release|Any CPU.ActiveCfg = Release|Any CPU
		{629422FA-A7C9-4CB8-A1C0-7884CD9BB416}.Release|Any CPU.Build.0 = Release|Any CPU
		{8159D126-86C7-47F7-B054-C470C00E2E4A}.Debug|Any CPU.ActiveCfg = Debug|Any CPU
		{8159D126-86C7-47F7-B054-C470C00E2E4A}.Debug|Any CPU.Build.0 = Debug|Any CPU
		{8159D126-86C7-47F7-B054-C470C00E2E4A}.Release|Any CPU.ActiveCfg = Release|Any CPU
		{8159D126-86C7-47F7-B054-C470C00E2E4A}.Release|Any CPU.Build.0 = Release|Any CPU
		{3F23571C-E02B-427E-90C8-134EAFA89168}.Debug|Any CPU.ActiveCfg = Debug|Any CPU
		{3F23571C-E02B-427E-90C8-134EAFA89168}.Debug|Any CPU.Build.0 = Debug|Any CPU
		{3F23571C-E02B-427E-90C8-134EAFA89168}.Release|Any CPU.ActiveCfg = Release|Any CPU
		{3F23571C-E02B-427E-90C8-134EAFA89168}.Release|Any CPU.Build.0 = Release|Any CPU
		{99FC02D4-3EBB-423D-ADAB-D46990861257}.Debug|Any CPU.ActiveCfg = Debug|Any CPU
		{99FC02D4-3EBB-423D-ADAB-D46990861257}.Debug|Any CPU.Build.0 = Debug|Any CPU
		{99FC02D4-3EBB-423D-ADAB-D46990861257}.Release|Any CPU.ActiveCfg = Release|Any CPU
		{99FC02D4-3EBB-423D-ADAB-D46990861257}.Release|Any CPU.Build.0 = Release|Any CPU
		{B38FFA3E-20CE-473F-BA18-0357AD504298}.Debug|Any CPU.ActiveCfg = Debug|Any CPU
		{B38FFA3E-20CE-473F-BA18-0357AD504298}.Debug|Any CPU.Build.0 = Debug|Any CPU
		{B38FFA3E-20CE-473F-BA18-0357AD504298}.Release|Any CPU.ActiveCfg = Release|Any CPU
		{B38FFA3E-20CE-473F-BA18-0357AD504298}.Release|Any CPU.Build.0 = Release|Any CPU
		{C5536545-94BF-416C-B574-AE0F0FA9C232}.Debug|Any CPU.ActiveCfg = Debug|Any CPU
		{C5536545-94BF-416C-B574-AE0F0FA9C232}.Debug|Any CPU.Build.0 = Debug|Any CPU
		{C5536545-94BF-416C-B574-AE0F0FA9C232}.Release|Any CPU.ActiveCfg = Release|Any CPU
		{C5536545-94BF-416C-B574-AE0F0FA9C232}.Release|Any CPU.Build.0 = Release|Any CPU
		{28326EF1-6CE4-46C5-A6BD-271FDEF34CAB}.Debug|Any CPU.ActiveCfg = Debug|Any CPU
		{28326EF1-6CE4-46C5-A6BD-271FDEF34CAB}.Debug|Any CPU.Build.0 = Debug|Any CPU
		{28326EF1-6CE4-46C5-A6BD-271FDEF34CAB}.Release|Any CPU.ActiveCfg = Release|Any CPU
		{28326EF1-6CE4-46C5-A6BD-271FDEF34CAB}.Release|Any CPU.Build.0 = Release|Any CPU
		{4D388AD2-472B-4A5B-84D4-2D4425FEF37C}.Debug|Any CPU.ActiveCfg = Debug|Any CPU
		{4D388AD2-472B-4A5B-84D4-2D4425FEF37C}.Debug|Any CPU.Build.0 = Debug|Any CPU
		{4D388AD2-472B-4A5B-84D4-2D4425FEF37C}.Release|Any CPU.ActiveCfg = Release|Any CPU
		{4D388AD2-472B-4A5B-84D4-2D4425FEF37C}.Release|Any CPU.Build.0 = Release|Any CPU
		{1DFAA929-DA10-4703-BA5C-1B22761578DF}.Debug|Any CPU.ActiveCfg = Debug|Any CPU
		{1DFAA929-DA10-4703-BA5C-1B22761578DF}.Debug|Any CPU.Build.0 = Debug|Any CPU
		{1DFAA929-DA10-4703-BA5C-1B22761578DF}.Release|Any CPU.ActiveCfg = Release|Any CPU
		{1DFAA929-DA10-4703-BA5C-1B22761578DF}.Release|Any CPU.Build.0 = Release|Any CPU
	EndGlobalSection
	GlobalSection(SolutionProperties) = preSolution
		HideSolutionNode = FALSE
	EndGlobalSection
	GlobalSection(NestedProjects) = preSolution
		{68FEF0F1-609D-4309-A2C8-1A1963AFCDB3} = {4CC49B22-98D2-4B50-97BC-3D3A9051ACF9}
		{C4C3E528-08B3-4E57-A8FB-4688574A5782} = {BEEC764B-7C17-4FF5-9BC9-0785C0887810}
		{76FA54AA-3613-4F26-B6DB-97B5463F0D19} = {BEEC764B-7C17-4FF5-9BC9-0785C0887810}
		{080CC3CF-8D02-41FA-BA2F-611A30913AA8} = {BEEC764B-7C17-4FF5-9BC9-0785C0887810}
		{629422FA-A7C9-4CB8-A1C0-7884CD9BB416} = {094276AE-0DAF-4118-B9EB-5CAF80E2A82A}
		{8159D126-86C7-47F7-B054-C470C00E2E4A} = {50DF4092-5B36-47E5-9AD0-2D744472A1D6}
		{3F23571C-E02B-427E-90C8-134EAFA89168} = {BEEC764B-7C17-4FF5-9BC9-0785C0887810}
		{99FC02D4-3EBB-423D-ADAB-D46990861257} = {1517C179-74EB-4384-A49B-E6758F84AA9E}
		{B38FFA3E-20CE-473F-BA18-0357AD504298} = {1517C179-74EB-4384-A49B-E6758F84AA9E}
		{C5536545-94BF-416C-B574-AE0F0FA9C232} = {1517C179-74EB-4384-A49B-E6758F84AA9E}
		{28326EF1-6CE4-46C5-A6BD-271FDEF34CAB} = {BEEC764B-7C17-4FF5-9BC9-0785C0887810}
		{4D388AD2-472B-4A5B-84D4-2D4425FEF37C} = {BEEC764B-7C17-4FF5-9BC9-0785C0887810}
		{1DFAA929-DA10-4703-BA5C-1B22761578DF} = {BEEC764B-7C17-4FF5-9BC9-0785C0887810}
	EndGlobalSection
	GlobalSection(ExtensibilityGlobals) = postSolution
		SolutionGuid = {76F097BD-756F-4277-AB21-8AA2857971AC}
	EndGlobalSection
EndGlobal
